
Microsoft Visual Studio Solution File, Format Version 12.00
# Visual Studio 15
VisualStudioVersion = 15.0.28307.329
MinimumVisualStudioVersion = 10.0.40219.1
Project("{FAE04EC0-301F-11D3-BF4B-00C04F79EFBC}") = "Split.Android", "Split\Split.Android\Split.Android.csproj", "{D574ADF1-4FB1-479B-8C3B-CDEC225F1F7C}"
EndProject
Project("{FAE04EC0-301F-11D3-BF4B-00C04F79EFBC}") = "Split.iOS", "Split\Split.iOS\Split.iOS.csproj", "{F92D6050-043B-415B-A494-8A9863D0883E}"
EndProject
Project("{D954291E-2A0B-460D-934E-DC6B0785DB48}") = "Split", "Split\Split\Split.shproj", "{00127954-DEEF-4846-BAD7-BC9E0AB88FA5}"
EndProject
Global
	GlobalSection(SharedMSBuildProjectFiles) = preSolution
		Split\Split\Split.projitems*{00127954-deef-4846-bad7-bc9e0ab88fa5}*SharedItemsImports = 13
		Split\Split\Split.projitems*{d574adf1-4fb1-479b-8c3b-cdec225f1f7c}*SharedItemsImports = 4
		Split\Split\Split.projitems*{f92d6050-043b-415b-a494-8a9863d0883e}*SharedItemsImports = 4
	EndGlobalSection
	GlobalSection(SolutionConfigurationPlatforms) = preSolution
		Ad-Hoc|Any CPU = Ad-Hoc|Any CPU
		Ad-Hoc|ARM = Ad-Hoc|ARM
		Ad-Hoc|iPhone = Ad-Hoc|iPhone
		Ad-Hoc|iPhoneSimulator = Ad-Hoc|iPhoneSimulator
		Ad-Hoc|x64 = Ad-Hoc|x64
		Ad-Hoc|x86 = Ad-Hoc|x86
		AppStore|Any CPU = AppStore|Any CPU
		AppStore|ARM = AppStore|ARM
		AppStore|iPhone = AppStore|iPhone
		AppStore|iPhoneSimulator = AppStore|iPhoneSimulator
		AppStore|x64 = AppStore|x64
		AppStore|x86 = AppStore|x86
		Debug|Any CPU = Debug|Any CPU
		Debug|ARM = Debug|ARM
		Debug|iPhone = Debug|iPhone
		Debug|iPhoneSimulator = Debug|iPhoneSimulator
		Debug|x64 = Debug|x64
		Debug|x86 = Debug|x86
		Release|Any CPU = Release|Any CPU
		Release|ARM = Release|ARM
		Release|iPhone = Release|iPhone
		Release|iPhoneSimulator = Release|iPhoneSimulator
		Release|x64 = Release|x64
		Release|x86 = Release|x86
	EndGlobalSection
	GlobalSection(ProjectConfigurationPlatforms) = postSolution
		{D574ADF1-4FB1-479B-8C3B-CDEC225F1F7C}.Ad-Hoc|Any CPU.ActiveCfg = Release|Any CPU
		{D574ADF1-4FB1-479B-8C3B-CDEC225F1F7C}.Ad-Hoc|Any CPU.Build.0 = Release|Any CPU
		{D574ADF1-4FB1-479B-8C3B-CDEC225F1F7C}.Ad-Hoc|Any CPU.Deploy.0 = Release|Any CPU
		{D574ADF1-4FB1-479B-8C3B-CDEC225F1F7C}.Ad-Hoc|ARM.ActiveCfg = Release|Any CPU
		{D574ADF1-4FB1-479B-8C3B-CDEC225F1F7C}.Ad-Hoc|ARM.Build.0 = Release|Any CPU
		{D574ADF1-4FB1-479B-8C3B-CDEC225F1F7C}.Ad-Hoc|ARM.Deploy.0 = Release|Any CPU
		{D574ADF1-4FB1-479B-8C3B-CDEC225F1F7C}.Ad-Hoc|iPhone.ActiveCfg = Release|Any CPU
		{D574ADF1-4FB1-479B-8C3B-CDEC225F1F7C}.Ad-Hoc|iPhone.Build.0 = Release|Any CPU
		{D574ADF1-4FB1-479B-8C3B-CDEC225F1F7C}.Ad-Hoc|iPhone.Deploy.0 = Release|Any CPU
		{D574ADF1-4FB1-479B-8C3B-CDEC225F1F7C}.Ad-Hoc|iPhoneSimulator.ActiveCfg = Release|Any CPU
		{D574ADF1-4FB1-479B-8C3B-CDEC225F1F7C}.Ad-Hoc|iPhoneSimulator.Build.0 = Release|Any CPU
		{D574ADF1-4FB1-479B-8C3B-CDEC225F1F7C}.Ad-Hoc|iPhoneSimulator.Deploy.0 = Release|Any CPU
		{D574ADF1-4FB1-479B-8C3B-CDEC225F1F7C}.Ad-Hoc|x64.ActiveCfg = Release|Any CPU
		{D574ADF1-4FB1-479B-8C3B-CDEC225F1F7C}.Ad-Hoc|x64.Build.0 = Release|Any CPU
		{D574ADF1-4FB1-479B-8C3B-CDEC225F1F7C}.Ad-Hoc|x64.Deploy.0 = Release|Any CPU
		{D574ADF1-4FB1-479B-8C3B-CDEC225F1F7C}.Ad-Hoc|x86.ActiveCfg = Release|Any CPU
		{D574ADF1-4FB1-479B-8C3B-CDEC225F1F7C}.Ad-Hoc|x86.Build.0 = Release|Any CPU
		{D574ADF1-4FB1-479B-8C3B-CDEC225F1F7C}.Ad-Hoc|x86.Deploy.0 = Release|Any CPU
		{D574ADF1-4FB1-479B-8C3B-CDEC225F1F7C}.AppStore|Any CPU.ActiveCfg = Release|Any CPU
		{D574ADF1-4FB1-479B-8C3B-CDEC225F1F7C}.AppStore|Any CPU.Build.0 = Release|Any CPU
		{D574ADF1-4FB1-479B-8C3B-CDEC225F1F7C}.AppStore|Any CPU.Deploy.0 = Release|Any CPU
		{D574ADF1-4FB1-479B-8C3B-CDEC225F1F7C}.AppStore|ARM.ActiveCfg = Release|Any CPU
		{D574ADF1-4FB1-479B-8C3B-CDEC225F1F7C}.AppStore|ARM.Build.0 = Release|Any CPU
		{D574ADF1-4FB1-479B-8C3B-CDEC225F1F7C}.AppStore|ARM.Deploy.0 = Release|Any CPU
		{D574ADF1-4FB1-479B-8C3B-CDEC225F1F7C}.AppStore|iPhone.ActiveCfg = Release|Any CPU
		{D574ADF1-4FB1-479B-8C3B-CDEC225F1F7C}.AppStore|iPhone.Build.0 = Release|Any CPU
		{D574ADF1-4FB1-479B-8C3B-CDEC225F1F7C}.AppStore|iPhone.Deploy.0 = Release|Any CPU
		{D574ADF1-4FB1-479B-8C3B-CDEC225F1F7C}.AppStore|iPhoneSimulator.ActiveCfg = Release|Any CPU
		{D574ADF1-4FB1-479B-8C3B-CDEC225F1F7C}.AppStore|iPhoneSimulator.Build.0 = Release|Any CPU
		{D574ADF1-4FB1-479B-8C3B-CDEC225F1F7C}.AppStore|iPhoneSimulator.Deploy.0 = Release|Any CPU
		{D574ADF1-4FB1-479B-8C3B-CDEC225F1F7C}.AppStore|x64.ActiveCfg = Release|Any CPU
		{D574ADF1-4FB1-479B-8C3B-CDEC225F1F7C}.AppStore|x64.Build.0 = Release|Any CPU
		{D574ADF1-4FB1-479B-8C3B-CDEC225F1F7C}.AppStore|x64.Deploy.0 = Release|Any CPU
		{D574ADF1-4FB1-479B-8C3B-CDEC225F1F7C}.AppStore|x86.ActiveCfg = Release|Any CPU
		{D574ADF1-4FB1-479B-8C3B-CDEC225F1F7C}.AppStore|x86.Build.0 = Release|Any CPU
		{D574ADF1-4FB1-479B-8C3B-CDEC225F1F7C}.AppStore|x86.Deploy.0 = Release|Any CPU
		{D574ADF1-4FB1-479B-8C3B-CDEC225F1F7C}.Debug|Any CPU.ActiveCfg = Debug|Any CPU
		{D574ADF1-4FB1-479B-8C3B-CDEC225F1F7C}.Debug|Any CPU.Build.0 = Debug|Any CPU
		{D574ADF1-4FB1-479B-8C3B-CDEC225F1F7C}.Debug|Any CPU.Deploy.0 = Debug|Any CPU
		{D574ADF1-4FB1-479B-8C3B-CDEC225F1F7C}.Debug|ARM.ActiveCfg = Debug|Any CPU
		{D574ADF1-4FB1-479B-8C3B-CDEC225F1F7C}.Debug|ARM.Build.0 = Debug|Any CPU
		{D574ADF1-4FB1-479B-8C3B-CDEC225F1F7C}.Debug|ARM.Deploy.0 = Debug|Any CPU
		{D574ADF1-4FB1-479B-8C3B-CDEC225F1F7C}.Debug|iPhone.ActiveCfg = Debug|Any CPU
		{D574ADF1-4FB1-479B-8C3B-CDEC225F1F7C}.Debug|iPhone.Build.0 = Debug|Any CPU
		{D574ADF1-4FB1-479B-8C3B-CDEC225F1F7C}.Debug|iPhone.Deploy.0 = Debug|Any CPU
		{D574ADF1-4FB1-479B-8C3B-CDEC225F1F7C}.Debug|iPhoneSimulator.ActiveCfg = Debug|Any CPU
		{D574ADF1-4FB1-479B-8C3B-CDEC225F1F7C}.Debug|iPhoneSimulator.Build.0 = Debug|Any CPU
		{D574ADF1-4FB1-479B-8C3B-CDEC225F1F7C}.Debug|iPhoneSimulator.Deploy.0 = Debug|Any CPU
		{D574ADF1-4FB1-479B-8C3B-CDEC225F1F7C}.Debug|x64.ActiveCfg = Debug|Any CPU
		{D574ADF1-4FB1-479B-8C3B-CDEC225F1F7C}.Debug|x64.Build.0 = Debug|Any CPU
		{D574ADF1-4FB1-479B-8C3B-CDEC225F1F7C}.Debug|x64.Deploy.0 = Debug|Any CPU
		{D574ADF1-4FB1-479B-8C3B-CDEC225F1F7C}.Debug|x86.ActiveCfg = Debug|Any CPU
		{D574ADF1-4FB1-479B-8C3B-CDEC225F1F7C}.Debug|x86.Build.0 = Debug|Any CPU
		{D574ADF1-4FB1-479B-8C3B-CDEC225F1F7C}.Debug|x86.Deploy.0 = Debug|Any CPU
		{D574ADF1-4FB1-479B-8C3B-CDEC225F1F7C}.Release|Any CPU.ActiveCfg = Release|Any CPU
		{D574ADF1-4FB1-479B-8C3B-CDEC225F1F7C}.Release|Any CPU.Build.0 = Release|Any CPU
		{D574ADF1-4FB1-479B-8C3B-CDEC225F1F7C}.Release|Any CPU.Deploy.0 = Release|Any CPU
		{D574ADF1-4FB1-479B-8C3B-CDEC225F1F7C}.Release|ARM.ActiveCfg = Release|Any CPU
		{D574ADF1-4FB1-479B-8C3B-CDEC225F1F7C}.Release|ARM.Build.0 = Release|Any CPU
		{D574ADF1-4FB1-479B-8C3B-CDEC225F1F7C}.Release|ARM.Deploy.0 = Release|Any CPU
		{D574ADF1-4FB1-479B-8C3B-CDEC225F1F7C}.Release|iPhone.ActiveCfg = Release|Any CPU
		{D574ADF1-4FB1-479B-8C3B-CDEC225F1F7C}.Release|iPhone.Build.0 = Release|Any CPU
		{D574ADF1-4FB1-479B-8C3B-CDEC225F1F7C}.Release|iPhone.Deploy.0 = Release|Any CPU
		{D574ADF1-4FB1-479B-8C3B-CDEC225F1F7C}.Release|iPhoneSimulator.ActiveCfg = Release|Any CPU
		{D574ADF1-4FB1-479B-8C3B-CDEC225F1F7C}.Release|iPhoneSimulator.Build.0 = Release|Any CPU
		{D574ADF1-4FB1-479B-8C3B-CDEC225F1F7C}.Release|iPhoneSimulator.Deploy.0 = Release|Any CPU
		{D574ADF1-4FB1-479B-8C3B-CDEC225F1F7C}.Release|x64.ActiveCfg = Release|Any CPU
		{D574ADF1-4FB1-479B-8C3B-CDEC225F1F7C}.Release|x64.Build.0 = Release|Any CPU
		{D574ADF1-4FB1-479B-8C3B-CDEC225F1F7C}.Release|x64.Deploy.0 = Release|Any CPU
		{D574ADF1-4FB1-479B-8C3B-CDEC225F1F7C}.Release|x86.ActiveCfg = Release|Any CPU
		{D574ADF1-4FB1-479B-8C3B-CDEC225F1F7C}.Release|x86.Build.0 = Release|Any CPU
		{D574ADF1-4FB1-479B-8C3B-CDEC225F1F7C}.Release|x86.Deploy.0 = Release|Any CPU
		{F92D6050-043B-415B-A494-8A9863D0883E}.Ad-Hoc|Any CPU.ActiveCfg = Ad-Hoc|iPhone
		{F92D6050-043B-415B-A494-8A9863D0883E}.Ad-Hoc|Any CPU.Build.0 = Ad-Hoc|iPhone
		{F92D6050-043B-415B-A494-8A9863D0883E}.Ad-Hoc|Any CPU.Deploy.0 = Ad-Hoc|iPhone
		{F92D6050-043B-415B-A494-8A9863D0883E}.Ad-Hoc|ARM.ActiveCfg = Ad-Hoc|iPhone
		{F92D6050-043B-415B-A494-8A9863D0883E}.Ad-Hoc|ARM.Build.0 = Ad-Hoc|iPhone
		{F92D6050-043B-415B-A494-8A9863D0883E}.Ad-Hoc|ARM.Deploy.0 = Ad-Hoc|iPhone
		{F92D6050-043B-415B-A494-8A9863D0883E}.Ad-Hoc|iPhone.ActiveCfg = Ad-Hoc|iPhone
		{F92D6050-043B-415B-A494-8A9863D0883E}.Ad-Hoc|iPhone.Build.0 = Ad-Hoc|iPhone
		{F92D6050-043B-415B-A494-8A9863D0883E}.Ad-Hoc|iPhone.Deploy.0 = Ad-Hoc|iPhone
		{F92D6050-043B-415B-A494-8A9863D0883E}.Ad-Hoc|iPhoneSimulator.ActiveCfg = Ad-Hoc|iPhoneSimulator
		{F92D6050-043B-415B-A494-8A9863D0883E}.Ad-Hoc|iPhoneSimulator.Build.0 = Ad-Hoc|iPhoneSimulator
		{F92D6050-043B-415B-A494-8A9863D0883E}.Ad-Hoc|iPhoneSimulator.Deploy.0 = Ad-Hoc|iPhoneSimulator
		{F92D6050-043B-415B-A494-8A9863D0883E}.Ad-Hoc|x64.ActiveCfg = Ad-Hoc|iPhone
		{F92D6050-043B-415B-A494-8A9863D0883E}.Ad-Hoc|x64.Build.0 = Ad-Hoc|iPhone
		{F92D6050-043B-415B-A494-8A9863D0883E}.Ad-Hoc|x64.Deploy.0 = Ad-Hoc|iPhone
		{F92D6050-043B-415B-A494-8A9863D0883E}.Ad-Hoc|x86.ActiveCfg = Ad-Hoc|iPhone
		{F92D6050-043B-415B-A494-8A9863D0883E}.Ad-Hoc|x86.Build.0 = Ad-Hoc|iPhone
		{F92D6050-043B-415B-A494-8A9863D0883E}.Ad-Hoc|x86.Deploy.0 = Ad-Hoc|iPhone
		{F92D6050-043B-415B-A494-8A9863D0883E}.AppStore|Any CPU.ActiveCfg = AppStore|iPhone
		{F92D6050-043B-415B-A494-8A9863D0883E}.AppStore|Any CPU.Build.0 = AppStore|iPhone
		{F92D6050-043B-415B-A494-8A9863D0883E}.AppStore|Any CPU.Deploy.0 = AppStore|iPhone
		{F92D6050-043B-415B-A494-8A9863D0883E}.AppStore|ARM.ActiveCfg = AppStore|iPhone
		{F92D6050-043B-415B-A494-8A9863D0883E}.AppStore|ARM.Build.0 = AppStore|iPhone
		{F92D6050-043B-415B-A494-8A9863D0883E}.AppStore|ARM.Deploy.0 = AppStore|iPhone
		{F92D6050-043B-415B-A494-8A9863D0883E}.AppStore|iPhone.ActiveCfg = AppStore|iPhone
		{F92D6050-043B-415B-A494-8A9863D0883E}.AppStore|iPhone.Build.0 = AppStore|iPhone
		{F92D6050-043B-415B-A494-8A9863D0883E}.AppStore|iPhone.Deploy.0 = AppStore|iPhone
		{F92D6050-043B-415B-A494-8A9863D0883E}.AppStore|iPhoneSimulator.ActiveCfg = AppStore|iPhoneSimulator
		{F92D6050-043B-415B-A494-8A9863D0883E}.AppStore|iPhoneSimulator.Build.0 = AppStore|iPhoneSimulator
		{F92D6050-043B-415B-A494-8A9863D0883E}.AppStore|iPhoneSimulator.Deploy.0 = AppStore|iPhoneSimulator
		{F92D6050-043B-415B-A494-8A9863D0883E}.AppStore|x64.ActiveCfg = AppStore|iPhone
		{F92D6050-043B-415B-A494-8A9863D0883E}.AppStore|x64.Build.0 = AppStore|iPhone
		{F92D6050-043B-415B-A494-8A9863D0883E}.AppStore|x64.Deploy.0 = AppStore|iPhone
		{F92D6050-043B-415B-A494-8A9863D0883E}.AppStore|x86.ActiveCfg = AppStore|iPhone
		{F92D6050-043B-415B-A494-8A9863D0883E}.AppStore|x86.Build.0 = AppStore|iPhone
		{F92D6050-043B-415B-A494-8A9863D0883E}.AppStore|x86.Deploy.0 = AppStore|iPhone
		{F92D6050-043B-415B-A494-8A9863D0883E}.Debug|Any CPU.ActiveCfg = Debug|iPhoneSimulator
		{F92D6050-043B-415B-A494-8A9863D0883E}.Debug|Any CPU.Build.0 = Debug|iPhoneSimulator
		{F92D6050-043B-415B-A494-8A9863D0883E}.Debug|Any CPU.Deploy.0 = Debug|iPhoneSimulator
		{F92D6050-043B-415B-A494-8A9863D0883E}.Debug|ARM.ActiveCfg = Debug|iPhone
		{F92D6050-043B-415B-A494-8A9863D0883E}.Debug|ARM.Build.0 = Debug|iPhone
		{F92D6050-043B-415B-A494-8A9863D0883E}.Debug|ARM.Deploy.0 = Debug|iPhone
		{F92D6050-043B-415B-A494-8A9863D0883E}.Debug|iPhone.ActiveCfg = Debug|iPhone
		{F92D6050-043B-415B-A494-8A9863D0883E}.Debug|iPhone.Build.0 = Debug|iPhone
		{F92D6050-043B-415B-A494-8A9863D0883E}.Debug|iPhone.Deploy.0 = Debug|iPhone
		{F92D6050-043B-415B-A494-8A9863D0883E}.Debug|iPhoneSimulator.ActiveCfg = Debug|iPhoneSimulator
		{F92D6050-043B-415B-A494-8A9863D0883E}.Debug|iPhoneSimulator.Build.0 = Debug|iPhoneSimulator
		{F92D6050-043B-415B-A494-8A9863D0883E}.Debug|iPhoneSimulator.Deploy.0 = Debug|iPhoneSimulator
		{F92D6050-043B-415B-A494-8A9863D0883E}.Debug|x64.ActiveCfg = Debug|iPhone
		{F92D6050-043B-415B-A494-8A9863D0883E}.Debug|x64.Build.0 = Debug|iPhone
		{F92D6050-043B-415B-A494-8A9863D0883E}.Debug|x64.Deploy.0 = Debug|iPhone
		{F92D6050-043B-415B-A494-8A9863D0883E}.Debug|x86.ActiveCfg = Debug|iPhone
		{F92D6050-043B-415B-A494-8A9863D0883E}.Debug|x86.Build.0 = Debug|iPhone
		{F92D6050-043B-415B-A494-8A9863D0883E}.Debug|x86.Deploy.0 = Debug|iPhone
		{F92D6050-043B-415B-A494-8A9863D0883E}.Release|Any CPU.ActiveCfg = Release|iPhone
		{F92D6050-043B-415B-A494-8A9863D0883E}.Release|Any CPU.Build.0 = Release|iPhone
		{F92D6050-043B-415B-A494-8A9863D0883E}.Release|Any CPU.Deploy.0 = Release|iPhone
		{F92D6050-043B-415B-A494-8A9863D0883E}.Release|ARM.ActiveCfg = Release|iPhone
		{F92D6050-043B-415B-A494-8A9863D0883E}.Release|ARM.Build.0 = Release|iPhone
		{F92D6050-043B-415B-A494-8A9863D0883E}.Release|ARM.Deploy.0 = Release|iPhone
		{F92D6050-043B-415B-A494-8A9863D0883E}.Release|iPhone.ActiveCfg = Release|iPhone
		{F92D6050-043B-415B-A494-8A9863D0883E}.Release|iPhone.Build.0 = Release|iPhone
		{F92D6050-043B-415B-A494-8A9863D0883E}.Release|iPhone.Deploy.0 = Release|iPhone
		{F92D6050-043B-415B-A494-8A9863D0883E}.Release|iPhoneSimulator.ActiveCfg = Release|iPhoneSimulator
		{F92D6050-043B-415B-A494-8A9863D0883E}.Release|iPhoneSimulator.Build.0 = Release|iPhoneSimulator
		{F92D6050-043B-415B-A494-8A9863D0883E}.Release|iPhoneSimulator.Deploy.0 = Release|iPhoneSimulator
		{F92D6050-043B-415B-A494-8A9863D0883E}.Release|x64.ActiveCfg = Release|iPhone
		{F92D6050-043B-415B-A494-8A9863D0883E}.Release|x64.Build.0 = Release|iPhone
		{F92D6050-043B-415B-A494-8A9863D0883E}.Release|x64.Deploy.0 = Release|iPhone
		{F92D6050-043B-415B-A494-8A9863D0883E}.Release|x86.ActiveCfg = Release|iPhone
		{F92D6050-043B-415B-A494-8A9863D0883E}.Release|x86.Build.0 = Release|iPhone
		{F92D6050-043B-415B-A494-8A9863D0883E}.Release|x86.Deploy.0 = Release|iPhone
	EndGlobalSection
	GlobalSection(SolutionProperties) = preSolution
		HideSolutionNode = FALSE
	EndGlobalSection
	GlobalSection(ExtensibilityGlobals) = postSolution
		SolutionGuid = {02571F1E-B285-421A-B465-74CF34DEDCB6}
	EndGlobalSection
EndGlobal
